// !$*UTF8*$!
{
	archiveVersion = 1;
	classes = {
	};
	objectVersion = 50;
	objects = {

/* Begin PBXBuildFile section */
		325EA505220E9524006F3C49 /* AppDelegate.swift in Sources */ = {isa = PBXBuildFile; fileRef = 325EA504220E9524006F3C49 /* AppDelegate.swift */; };
		325EA507220E9524006F3C49 /* ViewController.swift in Sources */ = {isa = PBXBuildFile; fileRef = 325EA506220E9524006F3C49 /* ViewController.swift */; };
		325EA50A220E9524006F3C49 /* Main.storyboard in Resources */ = {isa = PBXBuildFile; fileRef = 325EA508220E9524006F3C49 /* Main.storyboard */; };
		325EA50C220E9526006F3C49 /* Assets.xcassets in Resources */ = {isa = PBXBuildFile; fileRef = 325EA50B220E9526006F3C49 /* Assets.xcassets */; };
		325EA50F220E9526006F3C49 /* LaunchScreen.storyboard in Resources */ = {isa = PBXBuildFile; fileRef = 325EA50D220E9526006F3C49 /* LaunchScreen.storyboard */; };
		325EA51A220E9526006F3C49 /* Cat_YearsTests.swift in Sources */ = {isa = PBXBuildFile; fileRef = 325EA519220E9526006F3C49 /* Cat_YearsTests.swift */; };
		325EA525220E9526006F3C49 /* Cat_YearsUITests.swift in Sources */ = {isa = PBXBuildFile; fileRef = 325EA524220E9526006F3C49 /* Cat_YearsUITests.swift */; };
		325EA533220E959E006F3C49 /* cat-1583462__340.png in Resources */ = {isa = PBXBuildFile; fileRef = 325EA532220E959E006F3C49 /* cat-1583462__340.png */; };
/* End PBXBuildFile section */

/* Begin PBXContainerItemProxy section */
		325EA516220E9526006F3C49 /* PBXContainerItemProxy */ = {
			isa = PBXContainerItemProxy;
			containerPortal = 325EA4F9220E9524006F3C49 /* Project object */;
			proxyType = 1;
			remoteGlobalIDString = 325EA500220E9524006F3C49;
			remoteInfo = "Cat Years";
		};
		325EA521220E9526006F3C49 /* PBXContainerItemProxy */ = {
			isa = PBXContainerItemProxy;
			containerPortal = 325EA4F9220E9524006F3C49 /* Project object */;
			proxyType = 1;
			remoteGlobalIDString = 325EA500220E9524006F3C49;
			remoteInfo = "Cat Years";
		};
/* End PBXContainerItemProxy section */

/* Begin PBXFileReference section */
		325EA501220E9524006F3C49 /* Cat Years.app */ = {isa = PBXFileReference; explicitFileType = wrapper.application; includeInIndex = 0; path = "Cat Years.app"; sourceTree = BUILT_PRODUCTS_DIR; };
		325EA504220E9524006F3C49 /* AppDelegate.swift */ = {isa = PBXFileReference; lastKnownFileType = sourcecode.swift; path = AppDelegate.swift; sourceTree = "<group>"; };
		325EA506220E9524006F3C49 /* ViewController.swift */ = {isa = PBXFileReference; lastKnownFileType = sourcecode.swift; path = ViewController.swift; sourceTree = "<group>"; };
		325EA509220E9524006F3C49 /* Base */ = {isa = PBXFileReference; lastKnownFileType = file.storyboard; name = Base; path = Base.lproj/Main.storyboard; sourceTree = "<group>"; };
		325EA50B220E9526006F3C49 /* Assets.xcassets */ = {isa = PBXFileReference; lastKnownFileType = folder.assetcatalog; path = Assets.xcassets; sourceTree = "<group>"; };
		325EA50E220E9526006F3C49 /* Base */ = {isa = PBXFileReference; lastKnownFileType = file.storyboard; name = Base; path = Base.lproj/LaunchScreen.storyboard; sourceTree = "<group>"; };
		325EA510220E9526006F3C49 /* Info.plist */ = {isa = PBXFileReference; lastKnownFileType = text.plist.xml; path = Info.plist; sourceTree = "<group>"; };
		325EA515220E9526006F3C49 /* Cat YearsTests.xctest */ = {isa = PBXFileReference; explicitFileType = wrapper.cfbundle; includeInIndex = 0; path = "Cat YearsTests.xctest"; sourceTree = BUILT_PRODUCTS_DIR; };
		325EA519220E9526006F3C49 /* Cat_YearsTests.swift */ = {isa = PBXFileReference; lastKnownFileType = sourcecode.swift; path = Cat_YearsTests.swift; sourceTree = "<group>"; };
		325EA51B220E9526006F3C49 /* Info.plist */ = {isa = PBXFileReference; lastKnownFileType = text.plist.xml; path = Info.plist; sourceTree = "<group>"; };
		325EA520220E9526006F3C49 /* Cat YearsUITests.xctest */ = {isa = PBXFileReference; explicitFileType = wrapper.cfbundle; includeInIndex = 0; path = "Cat YearsUITests.xctest"; sourceTree = BUILT_PRODUCTS_DIR; };
		325EA524220E9526006F3C49 /* Cat_YearsUITests.swift */ = {isa = PBXFileReference; lastKnownFileType = sourcecode.swift; path = Cat_YearsUITests.swift; sourceTree = "<group>"; };
		325EA526220E9526006F3C49 /* Info.plist */ = {isa = PBXFileReference; lastKnownFileType = text.plist.xml; path = Info.plist; sourceTree = "<group>"; };
		325EA532220E959E006F3C49 /* cat-1583462__340.png */ = {isa = PBXFileReference; lastKnownFileType = image.png; name = "cat-1583462__340.png"; path = "../../cat-1583462__340.png"; sourceTree = "<group>"; };
/* End PBXFileReference section */

/* Begin PBXFrameworksBuildPhase section */
		325EA4FE220E9524006F3C49 /* Frameworks */ = {
			isa = PBXFrameworksBuildPhase;
			buildActionMask = 2147483647;
			files = (
			);
			runOnlyForDeploymentPostprocessing = 0;
		};
		325EA512220E9526006F3C49 /* Frameworks */ = {
			isa = PBXFrameworksBuildPhase;
			buildActionMask = 2147483647;
			files = (
			);
			runOnlyForDeploymentPostprocessing = 0;
		};
		325EA51D220E9526006F3C49 /* Frameworks */ = {
			isa = PBXFrameworksBuildPhase;
			buildActionMask = 2147483647;
			files = (
			);
			runOnlyForDeploymentPostprocessing = 0;
		};
/* End PBXFrameworksBuildPhase section */

/* Begin PBXGroup section */
		325EA4F8220E9524006F3C49 = {
			isa = PBXGroup;
			children = (
				325EA503220E9524006F3C49 /* Cat Years */,
				325EA518220E9526006F3C49 /* Cat YearsTests */,
				325EA523220E9526006F3C49 /* Cat YearsUITests */,
				325EA502220E9524006F3C49 /* Products */,
			);
			sourceTree = "<group>";
		};
		325EA502220E9524006F3C49 /* Products */ = {
			isa = PBXGroup;
			children = (
				325EA501220E9524006F3C49 /* Cat Years.app */,
				325EA515220E9526006F3C49 /* Cat YearsTests.xctest */,
				325EA520220E9526006F3C49 /* Cat YearsUITests.xctest */,
			);
			name = Products;
			sourceTree = "<group>";
		};
		325EA503220E9524006F3C49 /* Cat Years */ = {
			isa = PBXGroup;
			children = (
				325EA504220E9524006F3C49 /* AppDelegate.swift */,
				325EA506220E9524006F3C49 /* ViewController.swift */,
				325EA508220E9524006F3C49 /* Main.storyboard */,
				325EA50B220E9526006F3C49 /* Assets.xcassets */,
				325EA50D220E9526006F3C49 /* LaunchScreen.storyboard */,
				325EA510220E9526006F3C49 /* Info.plist */,
				325EA532220E959E006F3C49 /* cat-1583462__340.png */,
			);
			path = "Cat Years";
			sourceTree = "<group>";
		};
		325EA518220E9526006F3C49 /* Cat YearsTests */ = {
			isa = PBXGroup;
			children = (
				325EA519220E9526006F3C49 /* Cat_YearsTests.swift */,
				325EA51B220E9526006F3C49 /* Info.plist */,
			);
			path = "Cat YearsTests";
			sourceTree = "<group>";
		};
		325EA523220E9526006F3C49 /* Cat YearsUITests */ = {
			isa = PBXGroup;
			children = (
				325EA524220E9526006F3C49 /* Cat_YearsUITests.swift */,
				325EA526220E9526006F3C49 /* Info.plist */,
			);
			path = "Cat YearsUITests";
			sourceTree = "<group>";
		};
/* End PBXGroup section */

/* Begin PBXNativeTarget section */
		325EA500220E9524006F3C49 /* Cat Years */ = {
			isa = PBXNativeTarget;
			buildConfigurationList = 325EA529220E9526006F3C49 /* Build configuration list for PBXNativeTarget "Cat Years" */;
			buildPhases = (
				325EA4FD220E9524006F3C49 /* Sources */,
				325EA4FE220E9524006F3C49 /* Frameworks */,
				325EA4FF220E9524006F3C49 /* Resources */,
			);
			buildRules = (
			);
			dependencies = (
			);
			name = "Cat Years";
			productName = "Cat Years";
			productReference = 325EA501220E9524006F3C49 /* Cat Years.app */;
			productType = "com.apple.product-type.application";
		};
		325EA514220E9526006F3C49 /* Cat YearsTests */ = {
			isa = PBXNativeTarget;
			buildConfigurationList = 325EA52C220E9526006F3C49 /* Build configuration list for PBXNativeTarget "Cat YearsTests" */;
			buildPhases = (
				325EA511220E9526006F3C49 /* Sources */,
				325EA512220E9526006F3C49 /* Frameworks */,
				325EA513220E9526006F3C49 /* Resources */,
			);
			buildRules = (
			);
			dependencies = (
				325EA517220E9526006F3C49 /* PBXTargetDependency */,
			);
			name = "Cat YearsTests";
			productName = "Cat YearsTests";
			productReference = 325EA515220E9526006F3C49 /* Cat YearsTests.xctest */;
			productType = "com.apple.product-type.bundle.unit-test";
		};
		325EA51F220E9526006F3C49 /* Cat YearsUITests */ = {
			isa = PBXNativeTarget;
			buildConfigurationList = 325EA52F220E9526006F3C49 /* Build configuration list for PBXNativeTarget "Cat YearsUITests" */;
			buildPhases = (
				325EA51C220E9526006F3C49 /* Sources */,
				325EA51D220E9526006F3C49 /* Frameworks */,
				325EA51E220E9526006F3C49 /* Resources */,
			);
			buildRules = (
			);
			dependencies = (
				325EA522220E9526006F3C49 /* PBXTargetDependency */,
			);
			name = "Cat YearsUITests";
			productName = "Cat YearsUITests";
			productReference = 325EA520220E9526006F3C49 /* Cat YearsUITests.xctest */;
			productType = "com.apple.product-type.bundle.ui-testing";
		};
/* End PBXNativeTarget section */

/* Begin PBXProject section */
		325EA4F9220E9524006F3C49 /* Project object */ = {
			isa = PBXProject;
			attributes = {
				LastSwiftUpdateCheck = 1010;
				LastUpgradeCheck = 1010;
				ORGANIZATIONNAME = "Joey Bridges";
				TargetAttributes = {
					325EA500220E9524006F3C49 = {
						CreatedOnToolsVersion = 10.1;
					};
					325EA514220E9526006F3C49 = {
						CreatedOnToolsVersion = 10.1;
						TestTargetID = 325EA500220E9524006F3C49;
					};
					325EA51F220E9526006F3C49 = {
						CreatedOnToolsVersion = 10.1;
						TestTargetID = 325EA500220E9524006F3C49;
					};
				};
			};
			buildConfigurationList = 325EA4FC220E9524006F3C49 /* Build configuration list for PBXProject "Cat Years" */;
			compatibilityVersion = "Xcode 9.3";
			developmentRegion = en;
			hasScannedForEncodings = 0;
			knownRegions = (
				en,
				Base,
			);
			mainGroup = 325EA4F8220E9524006F3C49;
			productRefGroup = 325EA502220E9524006F3C49 /* Products */;
			projectDirPath = "";
			projectRoot = "";
			targets = (
				325EA500220E9524006F3C49 /* Cat Years */,
				325EA514220E9526006F3C49 /* Cat YearsTests */,
				325EA51F220E9526006F3C49 /* Cat YearsUITests */,
			);
		};
/* End PBXProject section */

/* Begin PBXResourcesBuildPhase section */
		325EA4FF220E9524006F3C49 /* Resources */ = {
			isa = PBXResourcesBuildPhase;
			buildActionMask = 2147483647;
			files = (
				325EA50F220E9526006F3C49 /* LaunchScreen.storyboard in Resources */,
				325EA50C220E9526006F3C49 /* Assets.xcassets in Resources */,
				325EA533220E959E006F3C49 /* cat-1583462__340.png in Resources */,
				325EA50A220E9524006F3C49 /* Main.storyboard in Resources */,
			);
			runOnlyForDeploymentPostprocessing = 0;
		};
		325EA513220E9526006F3C49 /* Resources */ = {
			isa = PBXResourcesBuildPhase;
			buildActionMask = 2147483647;
			files = (
			);
			runOnlyForDeploymentPostprocessing = 0;
		};
		325EA51E220E9526006F3C49 /* Resources */ = {
			isa = PBXResourcesBuildPhase;
			buildActionMask = 2147483647;
			files = (
			);
			runOnlyForDeploymentPostprocessing = 0;
		};
/* End PBXResourcesBuildPhase section */

/* Begin PBXSourcesBuildPhase section */
		325EA4FD220E9524006F3C49 /* Sources */ = {
			isa = PBXSourcesBuildPhase;
			buildActionMask = 2147483647;
			files = (
				325EA507220E9524006F3C49 /* ViewController.swift in Sources */,
				325EA505220E9524006F3C49 /* AppDelegate.swift in Sources */,
			);
			runOnlyForDeploymentPostprocessing = 0;
		};
		325EA511220E9526006F3C49 /* Sources */ = {
			isa = PBXSourcesBuildPhase;
			buildActionMask = 2147483647;
			files = (
				325EA51A220E9526006F3C49 /* Cat_YearsTests.swift in Sources */,
			);
			runOnlyForDeploymentPostprocessing = 0;
		};
		325EA51C220E9526006F3C49 /* Sources */ = {
			isa = PBXSourcesBuildPhase;
			buildActionMask = 2147483647;
			files = (
				325EA525220E9526006F3C49 /* Cat_YearsUITests.swift in Sources */,
			);
			runOnlyForDeploymentPostprocessing = 0;
		};
/* End PBXSourcesBuildPhase section */

/* Begin PBXTargetDependency section */
		325EA517220E9526006F3C49 /* PBXTargetDependency */ = {
			isa = PBXTargetDependency;
			target = 325EA500220E9524006F3C49 /* Cat Years */;
			targetProxy = 325EA516220E9526006F3C49 /* PBXContainerItemProxy */;
		};
		325EA522220E9526006F3C49 /* PBXTargetDependency */ = {
			isa = PBXTargetDependency;
			target = 325EA500220E9524006F3C49 /* Cat Years */;
			targetProxy = 325EA521220E9526006F3C49 /* PBXContainerItemProxy */;
		};
/* End PBXTargetDependency section */

/* Begin PBXVariantGroup section */
		325EA508220E9524006F3C49 /* Main.storyboard */ = {
			isa = PBXVariantGroup;
			children = (
				325EA509220E9524006F3C49 /* Base */,
			);
			name = Main.storyboard;
			sourceTree = "<group>";
		};
		325EA50D220E9526006F3C49 /* LaunchScreen.storyboard */ = {
			isa = PBXVariantGroup;
			children = (
				325EA50E220E9526006F3C49 /* Base */,
			);
			name = LaunchScreen.storyboard;
			sourceTree = "<group>";
		};
/* End PBXVariantGroup section */

/* Begin XCBuildConfiguration section */
		325EA527220E9526006F3C49 /* Debug */ = {
			isa = XCBuildConfiguration;
			buildSettings = {
				ALWAYS_SEARCH_USER_PATHS = NO;
				CLANG_ANALYZER_NONNULL = YES;
				CLANG_ANALYZER_NUMBER_OBJECT_CONVERSION = YES_AGGRESSIVE;
				CLANG_CXX_LANGUAGE_STANDARD = "gnu++14";
				CLANG_CXX_LIBRARY = "libc++";
				CLANG_ENABLE_MODULES = YES;
				CLANG_ENABLE_OBJC_ARC = YES;
				CLANG_ENABLE_OBJC_WEAK = YES;
				CLANG_WARN_BLOCK_CAPTURE_AUTORELEASING = YES;
				CLANG_WARN_BOOL_CONVERSION = YES;
				CLANG_WARN_COMMA = YES;
				CLANG_WARN_CONSTANT_CONVERSION = YES;
				CLANG_WARN_DEPRECATED_OBJC_IMPLEMENTATIONS = YES;
				CLANG_WARN_DIRECT_OBJC_ISA_USAGE = YES_ERROR;
				CLANG_WARN_DOCUMENTATION_COMMENTS = YES;
				CLANG_WARN_EMPTY_BODY = YES;
				CLANG_WARN_ENUM_CONVERSION = YES;
				CLANG_WARN_INFINITE_RECURSION = YES;
				CLANG_WARN_INT_CONVERSION = YES;
				CLANG_WARN_NON_LITERAL_NULL_CONVERSION = YES;
				CLANG_WARN_OBJC_IMPLICIT_RETAIN_SELF = YES;
				CLANG_WARN_OBJC_LITERAL_CONVERSION = YES;
				CLANG_WARN_OBJC_ROOT_CLASS = YES_ERROR;
				CLANG_WARN_RANGE_LOOP_ANALYSIS = YES;
				CLANG_WARN_STRICT_PROTOTYPES = YES;
				CLANG_WARN_SUSPICIOUS_MOVE = YES;
				CLANG_WARN_UNGUARDED_AVAILABILITY = YES_AGGRESSIVE;
				CLANG_WARN_UNREACHABLE_CODE = YES;
				CLANG_WARN__DUPLICATE_METHOD_MATCH = YES;
				CODE_SIGN_IDENTITY = "iPhone Developer";
				COPY_PHASE_STRIP = NO;
				DEBUG_INFORMATION_FORMAT = dwarf;
				ENABLE_STRICT_OBJC_MSGSEND = YES;
				ENABLE_TESTABILITY = YES;
				GCC_C_LANGUAGE_STANDARD = gnu11;
				GCC_DYNAMIC_NO_PIC = NO;
				GCC_NO_COMMON_BLOCKS = YES;
				GCC_OPTIMIZATION_LEVEL = 0;
				GCC_PREPROCESSOR_DEFINITIONS = (
					"DEBUG=1",
					"$(inherited)",
				);
				GCC_WARN_64_TO_32_BIT_CONVERSION = YES;
				GCC_WARN_ABOUT_RETURN_TYPE = YES_ERROR;
				GCC_WARN_UNDECLARED_SELECTOR = YES;
				GCC_WARN_UNINITIALIZED_AUTOS = YES_AGGRESSIVE;
				GCC_WARN_UNUSED_FUNCTION = YES;
				GCC_WARN_UNUSED_VARIABLE = YES;
				IPHONEOS_DEPLOYMENT_TARGET = 12.1;
				MTL_ENABLE_DEBUG_INFO = INCLUDE_SOURCE;
				MTL_FAST_MATH = YES;
				ONLY_ACTIVE_ARCH = YES;
				SDKROOT = iphoneos;
				SWIFT_ACTIVE_COMPILATION_CONDITIONS = DEBUG;
				SWIFT_OPTIMIZATION_LEVEL = "-Onone";
			};
			name = Debug;
		};
		325EA528220E9526006F3C49 /* Release */ = {
			isa = XCBuildConfiguration;
			buildSettings = {
				ALWAYS_SEARCH_USER_PATHS = NO;
				CLANG_ANALYZER_NONNULL = YES;
				CLANG_ANALYZER_NUMBER_OBJECT_CONVERSION = YES_AGGRESSIVE;
				CLANG_CXX_LANGUAGE_STANDARD = "gnu++14";
				CLANG_CXX_LIBRARY = "libc++";
				CLANG_ENABLE_MODULES = YES;
				CLANG_ENABLE_OBJC_ARC = YES;
				CLANG_ENABLE_OBJC_WEAK = YES;
				CLANG_WARN_BLOCK_CAPTURE_AUTORELEASING = YES;
				CLANG_WARN_BOOL_CONVERSION = YES;
				CLANG_WARN_COMMA = YES;
				CLANG_WARN_CONSTANT_CONVERSION = YES;
				CLANG_WARN_DEPRECATED_OBJC_IMPLEMENTATIONS = YES;
				CLANG_WARN_DIRECT_OBJC_ISA_USAGE = YES_ERROR;
				CLANG_WARN_DOCUMENTATION_COMMENTS = YES;
				CLANG_WARN_EMPTY_BODY = YES;
				CLANG_WARN_ENUM_CONVERSION = YES;
				CLANG_WARN_INFINITE_RECURSION = YES;
				CLANG_WARN_INT_CONVERSION = YES;
				CLANG_WARN_NON_LITERAL_NULL_CONVERSION = YES;
				CLANG_WARN_OBJC_IMPLICIT_RETAIN_SELF = YES;
				CLANG_WARN_OBJC_LITERAL_CONVERSION = YES;
				CLANG_WARN_OBJC_ROOT_CLASS = YES_ERROR;
				CLANG_WARN_RANGE_LOOP_ANALYSIS = YES;
				CLANG_WARN_STRICT_PROTOTYPES = YES;
				CLANG_WARN_SUSPICIOUS_MOVE = YES;
				CLANG_WARN_UNGUARDED_AVAILABILITY = YES_AGGRESSIVE;
				CLANG_WARN_UNREACHABLE_CODE = YES;
				CLANG_WARN__DUPLICATE_METHOD_MATCH = YES;
				CODE_SIGN_IDENTITY = "iPhone Developer";
				COPY_PHASE_STRIP = NO;
				DEBUG_INFORMATION_FORMAT = "dwarf-with-dsym";
				ENABLE_NS_ASSERTIONS = NO;
				ENABLE_STRICT_OBJC_MSGSEND = YES;
				GCC_C_LANGUAGE_STANDARD = gnu11;
				GCC_NO_COMMON_BLOCKS = YES;
				GCC_WARN_64_TO_32_BIT_CONVERSION = YES;
				GCC_WARN_ABOUT_RETURN_TYPE = YES_ERROR;
				GCC_WARN_UNDECLARED_SELECTOR = YES;
				GCC_WARN_UNINITIALIZED_AUTOS = YES_AGGRESSIVE;
				GCC_WARN_UNUSED_FUNCTION = YES;
				GCC_WARN_UNUSED_VARIABLE = YES;
				IPHONEOS_DEPLOYMENT_TARGET = 12.1;
				MTL_ENABLE_DEBUG_INFO = NO;
				MTL_FAST_MATH = YES;
				SDKROOT = iphoneos;
				SWIFT_COMPILATION_MODE = wholemodule;
				SWIFT_OPTIMIZATION_LEVEL = "-O";
				VALIDATE_PRODUCT = YES;
			};
			name = Release;
		};
		325EA52A220E9526006F3C49 /* Debug */ = {
			isa = XCBuildConfiguration;
			buildSettings = {
				ASSETCATALOG_COMPILER_APPICON_NAME = AppIcon;
				CODE_SIGN_STYLE = Automatic;
				INFOPLIST_FILE = "Cat Years/Info.plist";
				LD_RUNPATH_SEARCH_PATHS = (
					"$(inherited)",
					"@executable_path/Frameworks",
				);
				PRODUCT_BUNDLE_IDENTIFIER = "com.joeybridges.Cat-Years";
				PRODUCT_NAME = "$(TARGET_NAME)";
				SWIFT_VERSION = 4.2;
				TARGETED_DEVICE_FAMILY = "1,2";
			};
			name = Debug;
		};
		325EA52B220E9526006F3C49 /* Release */ = {
			isa = XCBuildConfiguration;
			buildSettings = {
				ASSETCATALOG_COMPILER_APPICON_NAME = AppIcon;
				CODE_SIGN_STYLE = Automatic;
				INFOPLIST_FILE = "Cat Years/Info.plist";
				LD_RUNPATH_SEARCH_PATHS = (
					"$(inherited)",
					"@executable_path/Frameworks",
				);
				PRODUCT_BUNDLE_IDENTIFIER = "com.joeybridges.Cat-Years";
				PRODUCT_NAME = "$(TARGET_NAME)";
				SWIFT_VERSION = 4.2;
				TARGETED_DEVICE_FAMILY = "1,2";
			};
			name = Release;
		};
		325EA52D220E9526006F3C49 /* Debug */ = {
			isa = XCBuildConfiguration;
			buildSettings = {
				ALWAYS_EMBED_SWIFT_STANDARD_LIBRARIES = YES;
				BUNDLE_LOADER = "$(TEST_HOST)";
				CODE_SIGN_STYLE = Automatic;
				INFOPLIST_FILE = "Cat YearsTests/Info.plist";
				LD_RUNPATH_SEARCH_PATHS = (
					"$(inherited)",
					"@executable_path/Frameworks",
					"@loader_path/Frameworks",
				);
				PRODUCT_BUNDLE_IDENTIFIER = "com.joeybridges.Cat-YearsTests";
				PRODUCT_NAME = "$(TARGET_NAME)";
				SWIFT_VERSION = 4.2;
				TARGETED_DEVICE_FAMILY = "1,2";
				TEST_HOST = "$(BUILT_PRODUCTS_DIR)/Cat Years.app/Cat Years";
			};
			name = Debug;
		};
		325EA52E220E9526006F3C49 /* Release */ = {
			isa = XCBuildConfiguration;
			buildSettings = {
				ALWAYS_EMBED_SWIFT_STANDARD_LIBRARIES = YES;
				BUNDLE_LOADER = "$(TEST_HOST)";
				CODE_SIGN_STYLE = Automatic;
				INFOPLIST_FILE = "Cat YearsTests/Info.plist";
				LD_RUNPATH_SEARCH_PATHS = (
					"$(inherited)",
					"@executable_path/Frameworks",
					"@loader_path/Frameworks",
				);
				PRODUCT_BUNDLE_IDENTIFIER = "com.joeybridges.Cat-YearsTests";
				PRODUCT_NAME = "$(TARGET_NAME)";
				SWIFT_VERSION = 4.2;
				TARGETED_DEVICE_FAMILY = "1,2";
				TEST_HOST = "$(BUILT_PRODUCTS_DIR)/Cat Years.app/Cat Years";
			};
			name = Release;
		};
		325EA530220E9526006F3C49 /* Debug */ = {
			isa = XCBuildConfiguration;
			buildSettings = {
				ALWAYS_EMBED_SWIFT_STANDARD_LIBRARIES = YES;
				CODE_SIGN_STYLE = Automatic;
				INFOPLIST_FILE = "Cat YearsUITests/Info.plist";
				LD_RUNPATH_SEARCH_PATHS = (
					"$(inherited)",
					"@executable_path/Frameworks",
					"@loader_path/Frameworks",
				);
				PRODUCT_BUNDLE_IDENTIFIER = "com.joeybridges.Cat-YearsUITests";
				PRODUCT_NAME = "$(TARGET_NAME)";
				SWIFT_VERSION = 4.2;
				TARGETED_DEVICE_FAMILY = "1,2";
				TEST_TARGET_NAME = "Cat Years";
			};
			name = Debug;
		};
		325EA531220E9526006F3C49 /* Release */ = {
			isa = XCBuildConfiguration;
			buildSettings = {
				ALWAYS_EMBED_SWIFT_STANDARD_LIBRARIES = YES;
				CODE_SIGN_STYLE = Automatic;
				INFOPLIST_FILE = "Cat YearsUITests/Info.plist";
				LD_RUNPATH_SEARCH_PATHS = (
					"$(inherited)",
					"@executable_path/Frameworks",
					"@loader_path/Frameworks",
				);
				PRODUCT_BUNDLE_IDENTIFIER = "com.joeybridges.Cat-YearsUITests";
				PRODUCT_NAME = "$(TARGET_NAME)";
				SWIFT_VERSION = 4.2;
				TARGETED_DEVICE_FAMILY = "1,2";
				TEST_TARGET_NAME = "Cat Years";
			};
			name = Release;
		};
/* End XCBuildConfiguration section */

/* Begin XCConfigurationList section */
		325EA4FC220E9524006F3C49 /* Build configuration list for PBXProject "Cat Years" */ = {
			isa = XCConfigurationList;
			buildConfigurations = (
				325EA527220E9526006F3C49 /* Debug */,
				325EA528220E9526006F3C49 /* Release */,
			);
			defaultConfigurationIsVisible = 0;
			defaultConfigurationName = Release;
		};
		325EA529220E9526006F3C49 /* Build configuration list for PBXNativeTarget "Cat Years" */ = {
			isa = XCConfigurationList;
			buildConfigurations = (
				325EA52A220E9526006F3C49 /* Debug */,
				325EA52B220E9526006F3C49 /* Release */,
			);
			defaultConfigurationIsVisible = 0;
			defaultConfigurationName = Release;
		};
		325EA52C220E9526006F3C49 /* Build configuration list for PBXNativeTarget "Cat YearsTests" */ = {
			isa = XCConfigurationList;
			buildConfigurations = (
				325EA52D220E9526006F3C49 /* Debug */,
				325EA52E220E9526006F3C49 /* Release */,
			);
			defaultConfigurationIsVisible = 0;
			defaultConfigurationName = Release;
		};
		325EA52F220E9526006F3C49 /* Build configuration list for PBXNativeTarget "Cat YearsUITests" */ = {
			isa = XCConfigurationList;
			buildConfigurations = (
				325EA530220E9526006F3C49 /* Debug */,
				325EA531220E9526006F3C49 /* Release */,
			);
			defaultConfigurationIsVisible = 0;
			defaultConfigurationName = Release;
		};
/* End XCConfigurationList section */
	};
	rootObject = 325EA4F9220E9524006F3C49 /* Project object */;
}
